{
  "name": "@dotrino/ia-agent",
  "version": "0.5.0",
  "lockfileVersion": 3,
  "requires": true,
  "packages": {
    "": {
      "name": "@dotrino/ia-agent",
      "version": "0.5.0",
      "license": "MIT",
      "dependencies": {
        "@dotrino/remote-agent": "^0.2.0"
      },
      "bin": {
        "dotrino-ia-agent": "bin/cli.js"
      },
      "devDependencies": {
        "@types/node": "^22.0.0",
        "typescript": "5.9.3"
      },
      "engines": {
        "node": ">=18"
      }
    },
    "node_modules/@dotrino/identity": {
      "version": "0.23.0",
      "resolved": "https://registry.npmjs.org/@dotrino/identity/-/identity-0.23.0.tgz",
      "integrity": "sha512-UfELG11djcdZByhnWWKT6AHIgfzeQ73nkCwxN+YKyXZx7Boo47x6gwALJD7vICX8+Y+bnZtOlIbmz83ixso8lQ==",
      "license": "MIT",
      "dependencies": {
        "@dotrino/proxy-client": "0.6.3"
      }
    },
    "node_modules/@dotrino/identity/node_modules/@dotrino/proxy-client": {
      "version": "0.6.3",
      "resolved": "https://registry.npmjs.org/@dotrino/proxy-client/-/proxy-client-0.6.3.tgz",
      "integrity": "sha512-GXl2yjK8Hs5oYrhNSeYAnteKHR/sanQnQcJl2Re0Bh0nj0NNI+Fgl8NW9Tanjf5X9sm6Vun+J6HYCxrjsWFL0Q==",
      "license": "MIT"
    },
    "node_modules/@dotrino/proxy-client": {
      "version": "0.6.4",
      "resolved": "https://registry.npmjs.org/@dotrino/proxy-client/-/proxy-client-0.6.4.tgz",
      "integrity": "sha512-83C6BYQ2ASnVXx6gcRhmjahMPLUxETg8tvnryTjbi/EWX2kevP937n9TCU4Ytd2rzEtGQIYt5cI5I3xR/c8jLQ==",
      "license": "MIT"
    },
    "node_modules/@dotrino/remote-agent": {
      "version": "0.2.1",
      "resolved": "https://registry.npmjs.org/@dotrino/remote-agent/-/remote-agent-0.2.1.tgz",
      "integrity": "sha512-FtGBleb55yrFyEr6CFVgoPgqmzxqGg9pzzUY7Oy7KGId/iUuSsVYu0brD/+KD1p6sYNjUY81XidB6ax1zHvb3g==",
      "license": "MIT",
      "dependencies": {
        "@dotrino/identity": "0.23.0",
        "@dotrino/proxy-client": "0.6.4",
        "ws": "8.21.0"
      },
      "engines": {
        "node": ">=18"
      }
    },
    "node_modules/@types/node": {
      "version": "22.20.1",
      "resolved": "https://registry.npmjs.org/@types/node/-/node-22.20.1.tgz",
      "integrity": "sha512-EANqOCF9QFyra+4pfxUcX9STKJpCLjMbObVzljIJomAWSnuSIEAvyzEU53GaajbXJEgdh0iEcPL+DGvpUd4k1Q==",
      "dev": true,
      "license": "MIT",
      "dependencies": {
        "undici-types": "~6.21.0"
      }
    },
    "node_modules/typescript": {
      "version": "5.9.3",
      "resolved": "https://registry.npmjs.org/typescript/-/typescript-5.9.3.tgz",
      "integrity": "sha512-jl1vZzPDinLr9eUt3J/t7V6FgNEw9QjvBPdysz9KfQDD41fQrC2Y4vKQdiaUpFT4bXlb1RHhLpp8wtm6M5TgSw==",
      "dev": true,
      "license": "Apache-2.0",
      "bin": {
        "tsc": "bin/tsc",
        "tsserver": "bin/tsserver"
      },
      "engines": {
        "node": ">=14.17"
      }
    },
    "node_modules/undici-types": {
      "version": "6.21.0",
      "resolved": "https://registry.npmjs.org/undici-types/-/undici-types-6.21.0.tgz",
      "integrity": "sha512-iwDZqg0QAGrg9Rav5H4n0M64c3mkR59cJ6wQp+7C4nI0gsmExaedaYLNO44eT4AtBBwjbTiGPMlt2Md0T9H9JQ==",
      "dev": true,
      "license": "MIT"
    },
    "node_modules/ws": {
      "version": "8.21.0",
      "resolved": "https://registry.npmjs.org/ws/-/ws-8.21.0.tgz",
      "integrity": "sha512-Vsp28b7DRcimFQvrqu2Wek3z1iYxDCWqHYB8Qsnk/S4RfaCQzPGPyBNuVjJV3cd6UiKtUtp6sNM77gWvzcCH+g==",
      "license": "MIT",
      "engines": {
        "node": ">=10.0.0"
      },
      "peerDependencies": {
        "bufferutil": "^4.0.1",
        "utf-8-validate": ">=5.0.2"
      },
      "peerDependenciesMeta": {
        "bufferutil": {
          "optional": true
        },
        "utf-8-validate": {
          "optional": true
        }
      }
    }
  }
}
