{
  "name": "@dotrino/ia-agent",
  "version": "0.1.0",
  "lockfileVersion": 3,
  "requires": true,
  "packages": {
    "": {
      "name": "@dotrino/ia-agent",
      "version": "0.1.0",
      "license": "MIT",
      "dependencies": {
        "@dotrino/remote-agent": "file:../../dotrino-remote-agent"
      },
      "bin": {
        "dotrino-ia-agent": "bin/cli.js"
      },
      "engines": {
        "node": ">=18"
      }
    },
    "../../dotrino-remote-agent": {
      "name": "@dotrino/remote-agent",
      "version": "0.1.0",
      "license": "MIT",
      "dependencies": {
        "@dotrino/identity": "0.17.0",
        "@dotrino/proxy-client": "0.6.4",
        "ws": "8.21.0"
      },
      "engines": {
        "node": ">=18"
      }
    },
    "node_modules/@dotrino/remote-agent": {
      "resolved": "../../dotrino-remote-agent",
      "link": true
    }
  }
}
